
Microsoft Visual Studio Solution File, Format Version 11.00
# Visual C# Express 2010
Project("{FAE04EC0-301F-11D3-BF4B-00C04F79EFBC}") = "koppi", "koppi\koppi\koppi.csproj", "{1567EFE9-40BF-4F55-B88C-CF5281CE7619}"
EndProject
Project("{96E2B04D-8817-42C6-938A-82C39BA4D311}") = "koppiContent", "koppi\koppiContent\koppiContent.contentproj", "{8198F000-6AC7-4BDB-ABA3-F2C1072089FC}"
EndProject
Global
	GlobalSection(SolutionConfigurationPlatforms) = preSolution
		Debug|x86 = Debug|x86
		Release|x86 = Release|x86
	EndGlobalSection
	GlobalSection(ProjectConfigurationPlatforms) = postSolution
		{1567EFE9-40BF-4F55-B88C-CF5281CE7619}.Debug|x86.ActiveCfg = Debug|x86
		{1567EFE9-40BF-4F55-B88C-CF5281CE7619}.Debug|x86.Build.0 = Debug|x86
		{1567EFE9-40BF-4F55-B88C-CF5281CE7619}.Release|x86.ActiveCfg = Release|x86
		{1567EFE9-40BF-4F55-B88C-CF5281CE7619}.Release|x86.Build.0 = Release|x86
		{8198F000-6AC7-4BDB-ABA3-F2C1072089FC}.Debug|x86.ActiveCfg = Debug|x86
		{8198F000-6AC7-4BDB-ABA3-F2C1072089FC}.Release|x86.ActiveCfg = Release|x86
	EndGlobalSection
	GlobalSection(SolutionProperties) = preSolution
		HideSolutionNode = FALSE
	EndGlobalSection
EndGlobal
